
Microsoft Visual Studio Solution File, Format Version 12.00
# Visual Studio Version 17
VisualStudioVersion = 17.5.33424.131
MinimumVisualStudioVersion = 10.0.40219.1
Project("{FAE04EC0-301F-11D3-BF4B-00C04F79EFBC}") = "AzureIOTApplication", "AzureIOTApplication.csproj", "{993706FF-CB68-4525-B21F-DA68EC79B64C}"
EndProject
Global
	GlobalSection(SolutionConfigurationPlatforms) = preSolution
		Debug|Any CPU = Debug|Any CPU
		Release|Any CPU = Release|Any CPU
	EndGlobalSection
	GlobalSection(ProjectConfigurationPlatforms) = postSolution
		{993706FF-CB68-4525-B21F-DA68EC79B64C}.Debug|Any CPU.ActiveCfg = Debug|Any CPU
		{993706FF-CB68-4525-B21F-DA68EC79B64C}.Debug|Any CPU.Build.0 = Debug|Any CPU
		{993706FF-CB68-4525-B21F-DA68EC79B64C}.Release|Any CPU.ActiveCfg = Release|Any CPU
		{993706FF-CB68-4525-B21F-DA68EC79B64C}.Release|Any CPU.Build.0 = Release|Any CPU
	EndGlobalSection
	GlobalSection(SolutionProperties) = preSolution
		HideSolutionNode = FALSE
	EndGlobalSection
	GlobalSection(ExtensibilityGlobals) = postSolution
		SolutionGuid = {3A4E6A26-A61B-45DF-BD81-DB4E84276B4A}
	EndGlobalSection
EndGlobal
